
Microsoft Visual Studio Solution File, Format Version 12.00
# Visual Studio Version 16
VisualStudioVersion = 16.0.29509.3
MinimumVisualStudioVersion = 10.0.40219.1
Project("{2150E333-8FDC-42A3-9474-1A3956D46DE8}") = "1 - Api", "1 - Api", "{01650114-6292-486C-BDBA-4C2455D064DD}"
EndProject
Project("{9A19103F-16F7-4668-BE54-9A1E7A4F7556}") = "Cashback.API", "Cashback.API\Cashback.API.csproj", "{8D5A0759-4BC8-45EA-92F1-D1DB65A79096}"
EndProject
Project("{2150E333-8FDC-42A3-9474-1A3956D46DE8}") = "3 - Domain", "3 - Domain", "{E7CB7270-0254-4550-988C-479453740331}"
EndProject
Project("{9A19103F-16F7-4668-BE54-9A1E7A4F7556}") = "Cashback.Domain", "Cashback.Domain\Cashback.Domain.csproj", "{F4C1351A-750F-44F5-AB44-A2E972AFA225}"
EndProject
Project("{2150E333-8FDC-42A3-9474-1A3956D46DE8}") = "2 - Infra", "2 - Infra", "{BB064768-1B99-41DC-B663-505350DAD2D7}"
EndProject
Project("{9A19103F-16F7-4668-BE54-9A1E7A4F7556}") = "Cashback.Infra", "Cashback.Infra\Cashback.Infra.csproj", "{774233DB-6869-4F95-AEF3-C37FA413C9A1}"
EndProject
Project("{2150E333-8FDC-42A3-9474-1A3956D46DE8}") = "4 - IoC", "4 - IoC", "{E6181CF6-ACE1-4133-B938-3C468F3476B7}"
EndProject
Project("{9A19103F-16F7-4668-BE54-9A1E7A4F7556}") = "Cashback.IoC", "Cashback.IoC\Cashback.IoC.csproj", "{6B9B42EB-81EB-4851-A0E7-0963C424772A}"
EndProject
Project("{2150E333-8FDC-42A3-9474-1A3956D46DE8}") = "5 - Service", "5 - Service", "{4E427BE8-CF75-4FE5-B982-1FC093B3C1BF}"
EndProject
Project("{9A19103F-16F7-4668-BE54-9A1E7A4F7556}") = "Cashback.Services", "Cashback.Services\Cashback.Services.csproj", "{08E0114B-D6C8-4C5F-B63B-CCFB8153B966}"
EndProject
Project("{2150E333-8FDC-42A3-9474-1A3956D46DE8}") = "6 - Repository", "6 - Repository", "{5DF61705-DA69-4867-859B-D5B8A5ED5CB1}"
EndProject
Project("{9A19103F-16F7-4668-BE54-9A1E7A4F7556}") = "Cashback.Repository", "Cashback.Repository\Cashback.Repository.csproj", "{E5E2A063-E348-400D-A5F9-F464C8B3EA88}"
EndProject
Project("{9A19103F-16F7-4668-BE54-9A1E7A4F7556}") = "Cashback.Validators", "Cashback.Validators\Cashback.Validators.csproj", "{8B556E8F-6787-4D80-9FDE-08FBE2A8644C}"
EndProject
Project("{9A19103F-16F7-4668-BE54-9A1E7A4F7556}") = "Cashback.Mapper", "Cashback.Mapper\Cashback.Mapper.csproj", "{75944AD4-1311-4D27-BF88-E8454C662E8B}"
EndProject
Project("{2150E333-8FDC-42A3-9474-1A3956D46DE8}") = "7 - Test", "7 - Test", "{0A712642-1036-4243-B8BD-066B8782BBB4}"
EndProject
Project("{9A19103F-16F7-4668-BE54-9A1E7A4F7556}") = "Cashback.Integration.Test", "Cashback.Integration.Test\Cashback.Integration.Test.csproj", "{225D8101-72A3-4D51-A7D5-D11C4231FD6C}"
EndProject
Project("{FAE04EC0-301F-11D3-BF4B-00C04F79EFBC}") = "Cashback.Test", "Cashback.Test\Cashback.Test.csproj", "{3343FEC1-555D-411A-800E-DD976A8933CB}"
EndProject
Global
	GlobalSection(SolutionConfigurationPlatforms) = preSolution
		Debug|Any CPU = Debug|Any CPU
		Release|Any CPU = Release|Any CPU
	EndGlobalSection
	GlobalSection(ProjectConfigurationPlatforms) = postSolution
		{8D5A0759-4BC8-45EA-92F1-D1DB65A79096}.Debug|Any CPU.ActiveCfg = Debug|Any CPU
		{8D5A0759-4BC8-45EA-92F1-D1DB65A79096}.Debug|Any CPU.Build.0 = Debug|Any CPU
		{8D5A0759-4BC8-45EA-92F1-D1DB65A79096}.Release|Any CPU.ActiveCfg = Release|Any CPU
		{8D5A0759-4BC8-45EA-92F1-D1DB65A79096}.Release|Any CPU.Build.0 = Release|Any CPU
		{F4C1351A-750F-44F5-AB44-A2E972AFA225}.Debug|Any CPU.ActiveCfg = Debug|Any CPU
		{F4C1351A-750F-44F5-AB44-A2E972AFA225}.Debug|Any CPU.Build.0 = Debug|Any CPU
		{F4C1351A-750F-44F5-AB44-A2E972AFA225}.Release|Any CPU.ActiveCfg = Release|Any CPU
		{F4C1351A-750F-44F5-AB44-A2E972AFA225}.Release|Any CPU.Build.0 = Release|Any CPU
		{774233DB-6869-4F95-AEF3-C37FA413C9A1}.Debug|Any CPU.ActiveCfg = Debug|Any CPU
		{774233DB-6869-4F95-AEF3-C37FA413C9A1}.Debug|Any CPU.Build.0 = Debug|Any CPU
		{774233DB-6869-4F95-AEF3-C37FA413C9A1}.Release|Any CPU.ActiveCfg = Release|Any CPU
		{774233DB-6869-4F95-AEF3-C37FA413C9A1}.Release|Any CPU.Build.0 = Release|Any CPU
		{6B9B42EB-81EB-4851-A0E7-0963C424772A}.Debug|Any CPU.ActiveCfg = Debug|Any CPU
		{6B9B42EB-81EB-4851-A0E7-0963C424772A}.Debug|Any CPU.Build.0 = Debug|Any CPU
		{6B9B42EB-81EB-4851-A0E7-0963C424772A}.Release|Any CPU.ActiveCfg = Release|Any CPU
		{6B9B42EB-81EB-4851-A0E7-0963C424772A}.Release|Any CPU.Build.0 = Release|Any CPU
		{08E0114B-D6C8-4C5F-B63B-CCFB8153B966}.Debug|Any CPU.ActiveCfg = Debug|Any CPU
		{08E0114B-D6C8-4C5F-B63B-CCFB8153B966}.Debug|Any CPU.Build.0 = Debug|Any CPU
		{08E0114B-D6C8-4C5F-B63B-CCFB8153B966}.Release|Any CPU.ActiveCfg = Release|Any CPU
		{08E0114B-D6C8-4C5F-B63B-CCFB8153B966}.Release|Any CPU.Build.0 = Release|Any CPU
		{E5E2A063-E348-400D-A5F9-F464C8B3EA88}.Debug|Any CPU.ActiveCfg = Debug|Any CPU
		{E5E2A063-E348-400D-A5F9-F464C8B3EA88}.Debug|Any CPU.Build.0 = Debug|Any CPU
		{E5E2A063-E348-400D-A5F9-F464C8B3EA88}.Release|Any CPU.ActiveCfg = Release|Any CPU
		{E5E2A063-E348-400D-A5F9-F464C8B3EA88}.Release|Any CPU.Build.0 = Release|Any CPU
		{8B556E8F-6787-4D80-9FDE-08FBE2A8644C}.Debug|Any CPU.ActiveCfg = Debug|Any CPU
		{8B556E8F-6787-4D80-9FDE-08FBE2A8644C}.Debug|Any CPU.Build.0 = Debug|Any CPU
		{8B556E8F-6787-4D80-9FDE-08FBE2A8644C}.Release|Any CPU.ActiveCfg = Release|Any CPU
		{8B556E8F-6787-4D80-9FDE-08FBE2A8644C}.Release|Any CPU.Build.0 = Release|Any CPU
		{75944AD4-1311-4D27-BF88-E8454C662E8B}.Debug|Any CPU.ActiveCfg = Debug|Any CPU
		{75944AD4-1311-4D27-BF88-E8454C662E8B}.Debug|Any CPU.Build.0 = Debug|Any CPU
		{75944AD4-1311-4D27-BF88-E8454C662E8B}.Release|Any CPU.ActiveCfg = Release|Any CPU
		{75944AD4-1311-4D27-BF88-E8454C662E8B}.Release|Any CPU.Build.0 = Release|Any CPU
		{225D8101-72A3-4D51-A7D5-D11C4231FD6C}.Debug|Any CPU.ActiveCfg = Debug|Any CPU
		{225D8101-72A3-4D51-A7D5-D11C4231FD6C}.Debug|Any CPU.Build.0 = Debug|Any CPU
		{225D8101-72A3-4D51-A7D5-D11C4231FD6C}.Release|Any CPU.ActiveCfg = Release|Any CPU
		{225D8101-72A3-4D51-A7D5-D11C4231FD6C}.Release|Any CPU.Build.0 = Release|Any CPU
		{3343FEC1-555D-411A-800E-DD976A8933CB}.Debug|Any CPU.ActiveCfg = Debug|Any CPU
		{3343FEC1-555D-411A-800E-DD976A8933CB}.Debug|Any CPU.Build.0 = Debug|Any CPU
		{3343FEC1-555D-411A-800E-DD976A8933CB}.Release|Any CPU.ActiveCfg = Release|Any CPU
		{3343FEC1-555D-411A-800E-DD976A8933CB}.Release|Any CPU.Build.0 = Release|Any CPU
	EndGlobalSection
	GlobalSection(SolutionProperties) = preSolution
		HideSolutionNode = FALSE
	EndGlobalSection
	GlobalSection(NestedProjects) = preSolution
		{8D5A0759-4BC8-45EA-92F1-D1DB65A79096} = {01650114-6292-486C-BDBA-4C2455D064DD}
		{F4C1351A-750F-44F5-AB44-A2E972AFA225} = {E7CB7270-0254-4550-988C-479453740331}
		{774233DB-6869-4F95-AEF3-C37FA413C9A1} = {BB064768-1B99-41DC-B663-505350DAD2D7}
		{6B9B42EB-81EB-4851-A0E7-0963C424772A} = {E6181CF6-ACE1-4133-B938-3C468F3476B7}
		{08E0114B-D6C8-4C5F-B63B-CCFB8153B966} = {4E427BE8-CF75-4FE5-B982-1FC093B3C1BF}
		{E5E2A063-E348-400D-A5F9-F464C8B3EA88} = {5DF61705-DA69-4867-859B-D5B8A5ED5CB1}
		{8B556E8F-6787-4D80-9FDE-08FBE2A8644C} = {BB064768-1B99-41DC-B663-505350DAD2D7}
		{75944AD4-1311-4D27-BF88-E8454C662E8B} = {BB064768-1B99-41DC-B663-505350DAD2D7}
		{225D8101-72A3-4D51-A7D5-D11C4231FD6C} = {0A712642-1036-4243-B8BD-066B8782BBB4}
		{3343FEC1-555D-411A-800E-DD976A8933CB} = {0A712642-1036-4243-B8BD-066B8782BBB4}
	EndGlobalSection
	GlobalSection(ExtensibilityGlobals) = postSolution
		SolutionGuid = {9D0F1B7E-B6AF-4854-97A4-20B545C84B8D}
	EndGlobalSection
EndGlobal
